
Microsoft Visual Studio Solution File, Format Version 12.00
# Visual Studio Version 17
VisualStudioVersion = 17.9.34407.89
MinimumVisualStudioVersion = 10.0.40219.1
Project("{FAE04EC0-301F-11D3-BF4B-00C04F79EFBC}") = "BridgeDesignPattern", "BridgeDesignPattern\BridgeDesignPattern.csproj", "{7F843722-C367-49BF-8AAC-F3091C729857}"
EndProject
Global
	GlobalSection(SolutionConfigurationPlatforms) = preSolution
		Debug|Any CPU = Debug|Any CPU
		Release|Any CPU = Release|Any CPU
	EndGlobalSection
	GlobalSection(ProjectConfigurationPlatforms) = postSolution
		{7F843722-C367-49BF-8AAC-F3091C729857}.Debug|Any CPU.ActiveCfg = Debug|Any CPU
		{7F843722-C367-49BF-8AAC-F3091C729857}.Debug|Any CPU.Build.0 = Debug|Any CPU
		{7F843722-C367-49BF-8AAC-F3091C729857}.Release|Any CPU.ActiveCfg = Release|Any CPU
		{7F843722-C367-49BF-8AAC-F3091C729857}.Release|Any CPU.Build.0 = Release|Any CPU
	EndGlobalSection
	GlobalSection(SolutionProperties) = preSolution
		HideSolutionNode = FALSE
	EndGlobalSection
	GlobalSection(ExtensibilityGlobals) = postSolution
		SolutionGuid = {D9B0A6C6-9870-48D2-91D4-B1845F823C32}
	EndGlobalSection
EndGlobal
