
Microsoft Visual Studio Solution File, Format Version 12.00
# Visual Studio Version 17
VisualStudioVersion = 17.9.34407.89
MinimumVisualStudioVersion = 10.0.40219.1
Project("{FAE04EC0-301F-11D3-BF4B-00C04F79EFBC}") = "Factory Method Design Pattern", "Factory Method Design Pattern\Factory Method Design Pattern.csproj", "{EBC2CE71-3C8F-44F5-AF39-7A22F70728CE}"
EndProject
Project("{FAE04EC0-301F-11D3-BF4B-00C04F79EFBC}") = "Notification System", "Notification System\Notification System.csproj", "{34E5EC15-5126-4065-A723-A22F6ED30DC0}"
EndProject
Project("{FAE04EC0-301F-11D3-BF4B-00C04F79EFBC}") = "Report Generators", "Report Generators\Report Generators.csproj", "{F18A2AD0-CD81-481D-9B31-FB6ABD7229A5}"
EndProject
Project("{FAE04EC0-301F-11D3-BF4B-00C04F79EFBC}") = "Payment Gateway Integration", "Payment Gateway Integration\Payment Gateway Integration.csproj", "{AA1D60A3-FF43-423C-B26D-39A64CA02874}"
EndProject
Project("{FAE04EC0-301F-11D3-BF4B-00C04F79EFBC}") = "Logistics Application", "Logistics Application\Logistics Application.csproj", "{A6D3EA2C-3590-4BEA-8C36-A6A963DE8D2A}"
EndProject
Global
	GlobalSection(SolutionConfigurationPlatforms) = preSolution
		Debug|Any CPU = Debug|Any CPU
		Release|Any CPU = Release|Any CPU
	EndGlobalSection
	GlobalSection(ProjectConfigurationPlatforms) = postSolution
		{EBC2CE71-3C8F-44F5-AF39-7A22F70728CE}.Debug|Any CPU.ActiveCfg = Debug|Any CPU
		{EBC2CE71-3C8F-44F5-AF39-7A22F70728CE}.Debug|Any CPU.Build.0 = Debug|Any CPU
		{EBC2CE71-3C8F-44F5-AF39-7A22F70728CE}.Release|Any CPU.ActiveCfg = Release|Any CPU
		{EBC2CE71-3C8F-44F5-AF39-7A22F70728CE}.Release|Any CPU.Build.0 = Release|Any CPU
		{34E5EC15-5126-4065-A723-A22F6ED30DC0}.Debug|Any CPU.ActiveCfg = Debug|Any CPU
		{34E5EC15-5126-4065-A723-A22F6ED30DC0}.Debug|Any CPU.Build.0 = Debug|Any CPU
		{34E5EC15-5126-4065-A723-A22F6ED30DC0}.Release|Any CPU.ActiveCfg = Release|Any CPU
		{34E5EC15-5126-4065-A723-A22F6ED30DC0}.Release|Any CPU.Build.0 = Release|Any CPU
		{F18A2AD0-CD81-481D-9B31-FB6ABD7229A5}.Debug|Any CPU.ActiveCfg = Debug|Any CPU
		{F18A2AD0-CD81-481D-9B31-FB6ABD7229A5}.Debug|Any CPU.Build.0 = Debug|Any CPU
		{F18A2AD0-CD81-481D-9B31-FB6ABD7229A5}.Release|Any CPU.ActiveCfg = Release|Any CPU
		{F18A2AD0-CD81-481D-9B31-FB6ABD7229A5}.Release|Any CPU.Build.0 = Release|Any CPU
		{AA1D60A3-FF43-423C-B26D-39A64CA02874}.Debug|Any CPU.ActiveCfg = Debug|Any CPU
		{AA1D60A3-FF43-423C-B26D-39A64CA02874}.Debug|Any CPU.Build.0 = Debug|Any CPU
		{AA1D60A3-FF43-423C-B26D-39A64CA02874}.Release|Any CPU.ActiveCfg = Release|Any CPU
		{AA1D60A3-FF43-423C-B26D-39A64CA02874}.Release|Any CPU.Build.0 = Release|Any CPU
		{A6D3EA2C-3590-4BEA-8C36-A6A963DE8D2A}.Debug|Any CPU.ActiveCfg = Debug|Any CPU
		{A6D3EA2C-3590-4BEA-8C36-A6A963DE8D2A}.Debug|Any CPU.Build.0 = Debug|Any CPU
		{A6D3EA2C-3590-4BEA-8C36-A6A963DE8D2A}.Release|Any CPU.ActiveCfg = Release|Any CPU
		{A6D3EA2C-3590-4BEA-8C36-A6A963DE8D2A}.Release|Any CPU.Build.0 = Release|Any CPU
	EndGlobalSection
	GlobalSection(SolutionProperties) = preSolution
		HideSolutionNode = FALSE
	EndGlobalSection
	GlobalSection(ExtensibilityGlobals) = postSolution
		SolutionGuid = {440073E2-EF3E-429B-86CF-F8639D17BD82}
	EndGlobalSection
EndGlobal
