
Microsoft Visual Studio Solution File, Format Version 12.00
# Visual Studio Version 17
VisualStudioVersion = 17.9.34407.89
MinimumVisualStudioVersion = 10.0.40219.1
Project("{FAE04EC0-301F-11D3-BF4B-00C04F79EFBC}") = "MediatorDesignPattern", "MediatorDesignPattern\MediatorDesignPattern.csproj", "{B69DF902-F138-40D3-A503-99A218780A95}"
EndProject
Global
	GlobalSection(SolutionConfigurationPlatforms) = preSolution
		Debug|Any CPU = Debug|Any CPU
		Release|Any CPU = Release|Any CPU
	EndGlobalSection
	GlobalSection(ProjectConfigurationPlatforms) = postSolution
		{B69DF902-F138-40D3-A503-99A218780A95}.Debug|Any CPU.ActiveCfg = Debug|Any CPU
		{B69DF902-F138-40D3-A503-99A218780A95}.Debug|Any CPU.Build.0 = Debug|Any CPU
		{B69DF902-F138-40D3-A503-99A218780A95}.Release|Any CPU.ActiveCfg = Release|Any CPU
		{B69DF902-F138-40D3-A503-99A218780A95}.Release|Any CPU.Build.0 = Release|Any CPU
	EndGlobalSection
	GlobalSection(SolutionProperties) = preSolution
		HideSolutionNode = FALSE
	EndGlobalSection
	GlobalSection(ExtensibilityGlobals) = postSolution
		SolutionGuid = {B2628C68-E824-4435-869F-05A5DBDC6212}
	EndGlobalSection
EndGlobal
