
Microsoft Visual Studio Solution File, Format Version 12.00
# Visual Studio Version 17
VisualStudioVersion = 17.9.34407.89
MinimumVisualStudioVersion = 10.0.40219.1
Project("{FAE04EC0-301F-11D3-BF4B-00C04F79EFBC}") = "PrototypeDesignPatternPTD", "PrototypeDesignPatternPTD\PrototypeDesignPatternPTD.csproj", "{38E841BF-194C-4685-AE36-0FDE9B866B86}"
EndProject
Project("{FAE04EC0-301F-11D3-BF4B-00C04F79EFBC}") = "ShallowAndDeepCopy", "ShallowAndDeepCopy\ShallowAndDeepCopy.csproj", "{753A4047-8FBF-4F51-AB79-254E6327C292}"
EndProject
Global
	GlobalSection(SolutionConfigurationPlatforms) = preSolution
		Debug|Any CPU = Debug|Any CPU
		Release|Any CPU = Release|Any CPU
	EndGlobalSection
	GlobalSection(ProjectConfigurationPlatforms) = postSolution
		{38E841BF-194C-4685-AE36-0FDE9B866B86}.Debug|Any CPU.ActiveCfg = Debug|Any CPU
		{38E841BF-194C-4685-AE36-0FDE9B866B86}.Debug|Any CPU.Build.0 = Debug|Any CPU
		{38E841BF-194C-4685-AE36-0FDE9B866B86}.Release|Any CPU.ActiveCfg = Release|Any CPU
		{38E841BF-194C-4685-AE36-0FDE9B866B86}.Release|Any CPU.Build.0 = Release|Any CPU
		{753A4047-8FBF-4F51-AB79-254E6327C292}.Debug|Any CPU.ActiveCfg = Debug|Any CPU
		{753A4047-8FBF-4F51-AB79-254E6327C292}.Debug|Any CPU.Build.0 = Debug|Any CPU
		{753A4047-8FBF-4F51-AB79-254E6327C292}.Release|Any CPU.ActiveCfg = Release|Any CPU
		{753A4047-8FBF-4F51-AB79-254E6327C292}.Release|Any CPU.Build.0 = Release|Any CPU
	EndGlobalSection
	GlobalSection(SolutionProperties) = preSolution
		HideSolutionNode = FALSE
	EndGlobalSection
	GlobalSection(ExtensibilityGlobals) = postSolution
		SolutionGuid = {E3CA6334-AB7E-45FF-A8F6-52B4D3977493}
	EndGlobalSection
EndGlobal
